
Microsoft Visual Studio Solution File, Format Version 12.00
# Visual Studio Version 16
VisualStudioVersion = 16.0.33920.266
MinimumVisualStudioVersion = 10.0.40219.1
Project("{FAE04EC0-301F-11D3-BF4B-00C04F79EFBC}") = "appPractica1", "appPractica1\appPractica1.csproj", "{DD22C841-D188-48DB-A671-F7213913A1B6}"
EndProject
Global
	GlobalSection(SolutionConfigurationPlatforms) = preSolution
		Debug|Any CPU = Debug|Any CPU
		Release|Any CPU = Release|Any CPU
	EndGlobalSection
	GlobalSection(ProjectConfigurationPlatforms) = postSolution
		{DD22C841-D188-48DB-A671-F7213913A1B6}.Debug|Any CPU.ActiveCfg = Debug|Any CPU
		{DD22C841-D188-48DB-A671-F7213913A1B6}.Debug|Any CPU.Build.0 = Debug|Any CPU
		{DD22C841-D188-48DB-A671-F7213913A1B6}.Release|Any CPU.ActiveCfg = Release|Any CPU
		{DD22C841-D188-48DB-A671-F7213913A1B6}.Release|Any CPU.Build.0 = Release|Any CPU
	EndGlobalSection
	GlobalSection(SolutionProperties) = preSolution
		HideSolutionNode = FALSE
	EndGlobalSection
	GlobalSection(ExtensibilityGlobals) = postSolution
		SolutionGuid = {11FE64B4-2DB3-419B-8F01-D084AAF76F0E}
	EndGlobalSection
EndGlobal
